
Microsoft Visual Studio Solution File, Format Version 12.00
# Visual Studio Version 17
VisualStudioVersion = 17.10.34916.146
MinimumVisualStudioVersion = 10.0.40219.1
Project("{FAE04EC0-301F-11D3-BF4B-00C04F79EFBC}") = "CoreWCF", "CoreWCF.csproj", "{98A3AB05-E99E-4E0F-B8D3-37EBC3CFA4BD}"
EndProject
Project("{FAE04EC0-301F-11D3-BF4B-00C04F79EFBC}") = "Trending", "..\Trending\Trending.csproj", "{768DFA7D-4F2C-4271-84E3-5EBAC2CC3E84}"
EndProject
Project("{FAE04EC0-301F-11D3-BF4B-00C04F79EFBC}") = "AlarmDisplay", "..\AlarmDisplay\AlarmDisplay.csproj", "{2C0EA3D9-8F6F-4EA0-9037-B415CCC558B6}"
EndProject
Project("{FAE04EC0-301F-11D3-BF4B-00C04F79EFBC}") = "ReportManager", "..\ReportManager\ReportManager.csproj", "{7E8C9FD2-60DA-40A6-BFB4-AEB7257192F8}"
EndProject
Project("{FAE04EC0-301F-11D3-BF4B-00C04F79EFBC}") = "RealTimeUnit", "..\RealTimeUnit\RealTimeUnit.csproj", "{1C374823-BD3E-4EC2-8270-845FC353758A}"
EndProject
Project("{FAE04EC0-301F-11D3-BF4B-00C04F79EFBC}") = "DatabaseManager", "..\DatabaseManager\DatabaseManager.csproj", "{F7F57F4C-223A-4176-A5CB-4605B9DB20E6}"
EndProject
Global
	GlobalSection(SolutionConfigurationPlatforms) = preSolution
		Debug|Any CPU = Debug|Any CPU
		Release|Any CPU = Release|Any CPU
	EndGlobalSection
	GlobalSection(ProjectConfigurationPlatforms) = postSolution
		{98A3AB05-E99E-4E0F-B8D3-37EBC3CFA4BD}.Debug|Any CPU.ActiveCfg = Debug|Any CPU
		{98A3AB05-E99E-4E0F-B8D3-37EBC3CFA4BD}.Debug|Any CPU.Build.0 = Debug|Any CPU
		{98A3AB05-E99E-4E0F-B8D3-37EBC3CFA4BD}.Release|Any CPU.ActiveCfg = Release|Any CPU
		{98A3AB05-E99E-4E0F-B8D3-37EBC3CFA4BD}.Release|Any CPU.Build.0 = Release|Any CPU
		{768DFA7D-4F2C-4271-84E3-5EBAC2CC3E84}.Debug|Any CPU.ActiveCfg = Debug|Any CPU
		{768DFA7D-4F2C-4271-84E3-5EBAC2CC3E84}.Debug|Any CPU.Build.0 = Debug|Any CPU
		{768DFA7D-4F2C-4271-84E3-5EBAC2CC3E84}.Release|Any CPU.ActiveCfg = Release|Any CPU
		{768DFA7D-4F2C-4271-84E3-5EBAC2CC3E84}.Release|Any CPU.Build.0 = Release|Any CPU
		{2C0EA3D9-8F6F-4EA0-9037-B415CCC558B6}.Debug|Any CPU.ActiveCfg = Debug|Any CPU
		{2C0EA3D9-8F6F-4EA0-9037-B415CCC558B6}.Debug|Any CPU.Build.0 = Debug|Any CPU
		{2C0EA3D9-8F6F-4EA0-9037-B415CCC558B6}.Release|Any CPU.ActiveCfg = Release|Any CPU
		{2C0EA3D9-8F6F-4EA0-9037-B415CCC558B6}.Release|Any CPU.Build.0 = Release|Any CPU
		{7E8C9FD2-60DA-40A6-BFB4-AEB7257192F8}.Debug|Any CPU.ActiveCfg = Debug|Any CPU
		{7E8C9FD2-60DA-40A6-BFB4-AEB7257192F8}.Debug|Any CPU.Build.0 = Debug|Any CPU
		{7E8C9FD2-60DA-40A6-BFB4-AEB7257192F8}.Release|Any CPU.ActiveCfg = Release|Any CPU
		{7E8C9FD2-60DA-40A6-BFB4-AEB7257192F8}.Release|Any CPU.Build.0 = Release|Any CPU
		{1C374823-BD3E-4EC2-8270-845FC353758A}.Debug|Any CPU.ActiveCfg = Debug|Any CPU
		{1C374823-BD3E-4EC2-8270-845FC353758A}.Debug|Any CPU.Build.0 = Debug|Any CPU
		{1C374823-BD3E-4EC2-8270-845FC353758A}.Release|Any CPU.ActiveCfg = Release|Any CPU
		{1C374823-BD3E-4EC2-8270-845FC353758A}.Release|Any CPU.Build.0 = Release|Any CPU
		{F7F57F4C-223A-4176-A5CB-4605B9DB20E6}.Debug|Any CPU.ActiveCfg = Debug|Any CPU
		{F7F57F4C-223A-4176-A5CB-4605B9DB20E6}.Debug|Any CPU.Build.0 = Debug|Any CPU
		{F7F57F4C-223A-4176-A5CB-4605B9DB20E6}.Release|Any CPU.ActiveCfg = Release|Any CPU
		{F7F57F4C-223A-4176-A5CB-4605B9DB20E6}.Release|Any CPU.Build.0 = Release|Any CPU
	EndGlobalSection
	GlobalSection(SolutionProperties) = preSolution
		HideSolutionNode = FALSE
	EndGlobalSection
	GlobalSection(ExtensibilityGlobals) = postSolution
		SolutionGuid = {20C915C6-2048-4141-8B7E-B1CDE10EEADA}
	EndGlobalSection
EndGlobal
